
Microsoft Visual Studio Solution File, Format Version 12.00
# Visual Studio 15
VisualStudioVersion = 15.0.28010.2036
MinimumVisualStudioVersion = 10.0.40219.1
Project("{2150E333-8FDC-42A3-9474-1A3956D46DE8}") = "Solution Items", "Solution Items", "{FEEC001A-CDDF-4778-8B49-93872731B1A7}"
	ProjectSection(SolutionItems) = preProject
		.gitignore = .gitignore
		Part01-readme.md = Part01-readme.md
		Part02-readme.md = Part02-readme.md
		Part02-scaling.md = Part02-scaling.md
		Part03-readme.md = Part03-readme.md
		README.md = README.md
	EndProjectSection
EndProject
Project("{2150E333-8FDC-42A3-9474-1A3956D46DE8}") = "images", "images", "{F1CEC19B-7A72-4335-BE10-0831805B1E92}"
	ProjectSection(SolutionItems) = preProject
		images\create-collection-01.png = images\create-collection-01.png
		images\create-collection-02.png = images\create-collection-02.png
		images\create-collection-03.png = images\create-collection-03.png
		images\create-collection-04.png = images\create-collection-04.png
		images\open-data-explorer-01.png = images\open-data-explorer-01.png
		images\scale-settings-01.png = images\scale-settings-01.png
	EndProjectSection
EndProject
Project("{FAE04EC0-301F-11D3-BF4B-00C04F79EFBC}") = "DataModel", "DataModel\DataModel.csproj", "{01DD6896-8197-42F1-A0DD-47B7FF995BF3}"
EndProject
Global
	GlobalSection(SolutionConfigurationPlatforms) = preSolution
		Debug|Any CPU = Debug|Any CPU
		Release|Any CPU = Release|Any CPU
	EndGlobalSection
	GlobalSection(ProjectConfigurationPlatforms) = postSolution
		{01DD6896-8197-42F1-A0DD-47B7FF995BF3}.Debug|Any CPU.ActiveCfg = Debug|Any CPU
		{01DD6896-8197-42F1-A0DD-47B7FF995BF3}.Debug|Any CPU.Build.0 = Debug|Any CPU
		{01DD6896-8197-42F1-A0DD-47B7FF995BF3}.Release|Any CPU.ActiveCfg = Release|Any CPU
		{01DD6896-8197-42F1-A0DD-47B7FF995BF3}.Release|Any CPU.Build.0 = Release|Any CPU
	EndGlobalSection
	GlobalSection(SolutionProperties) = preSolution
		HideSolutionNode = FALSE
	EndGlobalSection
	GlobalSection(NestedProjects) = preSolution
		{F1CEC19B-7A72-4335-BE10-0831805B1E92} = {FEEC001A-CDDF-4778-8B49-93872731B1A7}
	EndGlobalSection
	GlobalSection(ExtensibilityGlobals) = postSolution
		SolutionGuid = {172EF7F8-69D7-4DC5-99E2-B28BA92F6003}
	EndGlobalSection
EndGlobal
